
Microsoft Visual Studio Solution File, Format Version 12.00
# Visual Studio Version 16
VisualStudioVersion = 16.0.31911.196
MinimumVisualStudioVersion = 10.0.40219.1
Project("{9A19103F-16F7-4668-BE54-9A1E7A4F7556}") = "MobileFoodFacilitiesService", "MobileFoodFacilitiesService\MobileFoodFacilitiesService.csproj", "{C986CAE9-9B8C-4388-9D88-8602135A391C}"
EndProject
Project("{9A19103F-16F7-4668-BE54-9A1E7A4F7556}") = "MobileFoodService.Tests", "MobileFoodFacilitiesService.Tests\MobileFoodService.Tests.csproj", "{269530FE-2901-43F0-B619-F832A2DA98F8}"
EndProject
Project("{9A19103F-16F7-4668-BE54-9A1E7A4F7556}") = "FoodTruckChallenge.Mvc", "FoodTruckChallenge.Mvc\FoodTruckChallenge.Mvc.csproj", "{0FA15CE4-86F5-4DA3-81C7-183A3C9B0018}"
EndProject
Project("{FAE04EC0-301F-11D3-BF4B-00C04F79EFBC}") = "FoodTruckChallenge", "FoodTruckChallenge\FoodTruckChallenge.csproj", "{B8E34128-C638-4BDA-AA07-F787D49473DD}"
EndProject
Global
	GlobalSection(SolutionConfigurationPlatforms) = preSolution
		Debug|Any CPU = Debug|Any CPU
		Release|Any CPU = Release|Any CPU
	EndGlobalSection
	GlobalSection(ProjectConfigurationPlatforms) = postSolution
		{C986CAE9-9B8C-4388-9D88-8602135A391C}.Debug|Any CPU.ActiveCfg = Debug|Any CPU
		{C986CAE9-9B8C-4388-9D88-8602135A391C}.Debug|Any CPU.Build.0 = Debug|Any CPU
		{C986CAE9-9B8C-4388-9D88-8602135A391C}.Release|Any CPU.ActiveCfg = Release|Any CPU
		{C986CAE9-9B8C-4388-9D88-8602135A391C}.Release|Any CPU.Build.0 = Release|Any CPU
		{269530FE-2901-43F0-B619-F832A2DA98F8}.Debug|Any CPU.ActiveCfg = Debug|Any CPU
		{269530FE-2901-43F0-B619-F832A2DA98F8}.Debug|Any CPU.Build.0 = Debug|Any CPU
		{269530FE-2901-43F0-B619-F832A2DA98F8}.Release|Any CPU.ActiveCfg = Release|Any CPU
		{269530FE-2901-43F0-B619-F832A2DA98F8}.Release|Any CPU.Build.0 = Release|Any CPU
		{0FA15CE4-86F5-4DA3-81C7-183A3C9B0018}.Debug|Any CPU.ActiveCfg = Debug|Any CPU
		{0FA15CE4-86F5-4DA3-81C7-183A3C9B0018}.Debug|Any CPU.Build.0 = Debug|Any CPU
		{0FA15CE4-86F5-4DA3-81C7-183A3C9B0018}.Release|Any CPU.ActiveCfg = Release|Any CPU
		{0FA15CE4-86F5-4DA3-81C7-183A3C9B0018}.Release|Any CPU.Build.0 = Release|Any CPU
		{B8E34128-C638-4BDA-AA07-F787D49473DD}.Debug|Any CPU.ActiveCfg = Debug|Any CPU
		{B8E34128-C638-4BDA-AA07-F787D49473DD}.Debug|Any CPU.Build.0 = Debug|Any CPU
		{B8E34128-C638-4BDA-AA07-F787D49473DD}.Release|Any CPU.ActiveCfg = Release|Any CPU
		{B8E34128-C638-4BDA-AA07-F787D49473DD}.Release|Any CPU.Build.0 = Release|Any CPU
	EndGlobalSection
	GlobalSection(SolutionProperties) = preSolution
		HideSolutionNode = FALSE
	EndGlobalSection
	GlobalSection(ExtensibilityGlobals) = postSolution
		SolutionGuid = {AAC28707-0F5F-4DD8-94D1-056CB31C1599}
	EndGlobalSection
EndGlobal
